
Microsoft Visual Studio Solution File, Format Version 12.00
# Visual Studio Version 17
VisualStudioVersion = 17.6.33829.357
MinimumVisualStudioVersion = 10.0.40219.1
Project("{FAE04EC0-301F-11D3-BF4B-00C04F79EFBC}") = "TicTacToeExercise", "TicTacToeExercise\TicTacToeExercise.csproj", "{E99686CF-4B09-4E13-8160-4D7B947004A0}"
EndProject
Global
	GlobalSection(SolutionConfigurationPlatforms) = preSolution
		Debug|Any CPU = Debug|Any CPU
		Release|Any CPU = Release|Any CPU
	EndGlobalSection
	GlobalSection(ProjectConfigurationPlatforms) = postSolution
		{E99686CF-4B09-4E13-8160-4D7B947004A0}.Debug|Any CPU.ActiveCfg = Debug|Any CPU
		{E99686CF-4B09-4E13-8160-4D7B947004A0}.Debug|Any CPU.Build.0 = Debug|Any CPU
		{E99686CF-4B09-4E13-8160-4D7B947004A0}.Release|Any CPU.ActiveCfg = Release|Any CPU
		{E99686CF-4B09-4E13-8160-4D7B947004A0}.Release|Any CPU.Build.0 = Release|Any CPU
	EndGlobalSection
	GlobalSection(SolutionProperties) = preSolution
		HideSolutionNode = FALSE
	EndGlobalSection
	GlobalSection(ExtensibilityGlobals) = postSolution
		SolutionGuid = {3CBC2905-9FC3-49F4-A883-2292078A739D}
	EndGlobalSection
EndGlobal
